# This file is automatically @generated by Cargo.
# It is not intended for manual editing.
[[package]]
name = "autocfg"
version = "1.0.1"
source = "registry+https://github.com/rust-lang/crates.io-index"
checksum = "cdb031dd78e28731d87d56cc8ffef4a8f36ca26c38fe2de700543e627f8a464a"

[[package]]
name = "bitflags"
version = "0.7.0"
source = "registry+https://github.com/rust-lang/crates.io-index"
checksum = "aad18937a628ec6abcd26d1489012cc0e18c21798210f491af69ded9b881106d"

[[package]]
name = "bitflags"
version = "1.2.1"
source = "registry+https://github.com/rust-lang/crates.io-index"
checksum = "cf1de2fe8c75bc145a2f577add951f8134889b4795d47466a54a5c846d691693"

[[package]]
name = "bumpalo"
version = "3.7.0"
source = "registry+https://github.com/rust-lang/crates.io-index"
checksum = "9c59e7af012c713f529e7a3ee57ce9b31ddd858d4b512923602f74608b009631"

[[package]]
name = "cc"
version = "1.0.68"
source = "registry+https://github.com/rust-lang/crates.io-index"
checksum = "4a72c244c1ff497a746a7e1fb3d14bd08420ecda70c8f25c7112f2781652d787"

[[package]]
name = "cfg-if"
version = "1.0.0"
source = "registry+https://github.com/rust-lang/crates.io-index"
checksum = "baf1de4339761588bc0619e3cbc0120ee582ebb74b53b4efbf79117bd2da40fd"

[[package]]
name = "daggy"
version = "0.4.1"
source = "registry+https://github.com/rust-lang/crates.io-index"
checksum = "d6a9b61ac11d223e884f431772d311087644e4710c1555d7db270cefb5fb9c69"
dependencies = [
 "petgraph",
]

[[package]]
name = "dsp-chain"
version = "0.13.1"
source = "registry+https://github.com/rust-lang/crates.io-index"
checksum = "5251bbb15727afffbf50403b1a5a6f030c1662bad1a5c665a895547330a17e17"
dependencies = [
 "daggy",
 "sample 0.6.2",
]

[[package]]
name = "fixedbitset"
version = "0.1.9"
source = "registry+https://github.com/rust-lang/crates.io-index"
checksum = "86d4de0081402f5e88cdac65c8dcdcc73118c1a7a465e2a05f0da05843a8ea33"

[[package]]
name = "futures"
version = "0.3.15"
source = "registry+https://github.com/rust-lang/crates.io-index"
checksum = "0e7e43a803dae2fa37c1f6a8fe121e1f7bf9548b4dfc0522a42f34145dadfc27"
dependencies = [
 "futures-channel",
 "futures-core",
 "futures-executor",
 "futures-io",
 "futures-sink",
 "futures-task",
 "futures-util",
]

[[package]]
name = "futures-channel"
version = "0.3.15"
source = "registry+https://github.com/rust-lang/crates.io-index"
checksum = "e682a68b29a882df0545c143dc3646daefe80ba479bcdede94d5a703de2871e2"
dependencies = [
 "futures-core",
 "futures-sink",
]

[[package]]
name = "futures-core"
version = "0.3.15"
source = "registry+https://github.com/rust-lang/crates.io-index"
checksum = "0402f765d8a89a26043b889b26ce3c4679d268fa6bb22cd7c6aad98340e179d1"

[[package]]
name = "futures-executor"
version = "0.3.15"
source = "registry+https://github.com/rust-lang/crates.io-index"
checksum = "badaa6a909fac9e7236d0620a2f57f7664640c56575b71a7552fbd68deafab79"
dependencies = [
 "futures-core",
 "futures-task",
 "futures-util",
]

[[package]]
name = "futures-io"
version = "0.3.15"
source = "registry+https://github.com/rust-lang/crates.io-index"
checksum = "acc499defb3b348f8d8f3f66415835a9131856ff7714bf10dadfc4ec4bdb29a1"

[[package]]
name = "futures-macro"
version = "0.3.15"
source = "registry+https://github.com/rust-lang/crates.io-index"
checksum = "a4c40298486cdf52cc00cd6d6987892ba502c7656a16a4192a9992b1ccedd121"
dependencies = [
 "autocfg",
 "proc-macro-hack",
 "proc-macro2",
 "quote",
 "syn",
]

[[package]]
name = "futures-sink"
version = "0.3.15"
source = "registry+https://github.com/rust-lang/crates.io-index"
checksum = "a57bead0ceff0d6dde8f465ecd96c9338121bb7717d3e7b108059531870c4282"

[[package]]
name = "futures-task"
version = "0.3.15"
source = "registry+https://github.com/rust-lang/crates.io-index"
checksum = "8a16bef9fc1a4dddb5bee51c989e3fbba26569cbb0e31f5b303c184e3dd33dae"

[[package]]
name = "futures-util"
version = "0.3.15"
source = "registry+https://github.com/rust-lang/crates.io-index"
checksum = "feb5c238d27e2bf94ffdfd27b2c29e3df4a68c4193bb6427384259e2bf191967"
dependencies = [
 "autocfg",
 "futures-channel",
 "futures-core",
 "futures-io",
 "futures-macro",
 "futures-sink",
 "futures-task",
 "memchr",
 "pin-project-lite",
 "pin-utils",
 "proc-macro-hack",
 "proc-macro-nested",
 "slab",
]

[[package]]
name = "glissando-synth"
version = "0.1.3"
dependencies = [
 "dsp-chain",
 "futures",
 "portaudio",
 "sample 0.10.0",
 "vst",
 "wasm-bindgen",
 "wasm-bindgen-futures",
 "web-sys",
]

[[package]]
name = "js-sys"
version = "0.3.51"
source = "registry+https://github.com/rust-lang/crates.io-index"
checksum = "83bdfbace3a0e81a4253f73b49e960b053e396a11012cbd49b9b74d6a2b67062"
dependencies = [
 "wasm-bindgen",
]

[[package]]
name = "lazy_static"
version = "1.4.0"
source = "registry+https://github.com/rust-lang/crates.io-index"
checksum = "e2abad23fbc42b3700f2f279844dc832adb2b2eb069b2df918f455c4e18cc646"

[[package]]
name = "libc"
version = "0.2.95"
source = "registry+https://github.com/rust-lang/crates.io-index"
checksum = "789da6d93f1b866ffe175afc5322a4d76c038605a1c3319bb57b06967ca98a36"

[[package]]
name = "libloading"
version = "0.5.2"
source = "registry+https://github.com/rust-lang/crates.io-index"
checksum = "f2b111a074963af1d37a139918ac6d49ad1d0d5e47f72fd55388619691a7d753"
dependencies = [
 "cc",
 "winapi",
]

[[package]]
name = "log"
version = "0.4.14"
source = "registry+https://github.com/rust-lang/crates.io-index"
checksum = "51b9bbe6c47d51fc3e1a9b945965946b4c44142ab8792c50835a980d362c2710"
dependencies = [
 "cfg-if",
]

[[package]]
name = "memchr"
version = "2.4.0"
source = "registry+https://github.com/rust-lang/crates.io-index"
checksum = "b16bd47d9e329435e309c58469fe0791c2d0d1ba96ec0954152a5ae2b04387dc"

[[package]]
name = "num"
version = "0.1.42"
source = "registry+https://github.com/rust-lang/crates.io-index"
checksum = "4703ad64153382334aa8db57c637364c322d3372e097840c72000dabdcf6156e"
dependencies = [
 "num-integer",
 "num-iter",
 "num-traits",
]

[[package]]
name = "num-integer"
version = "0.1.44"
source = "registry+https://github.com/rust-lang/crates.io-index"
checksum = "d2cc698a63b549a70bc047073d2949cce27cd1c7b0a4a862d08a8031bc2801db"
dependencies = [
 "autocfg",
 "num-traits",
]

[[package]]
name = "num-iter"
version = "0.1.42"
source = "registry+https://github.com/rust-lang/crates.io-index"
checksum = "b2021c8337a54d21aca0d59a92577a029af9431cb59b909b03252b9c164fad59"
dependencies = [
 "autocfg",
 "num-integer",
 "num-traits",
]

[[package]]
name = "num-traits"
version = "0.2.14"
source = "registry+https://github.com/rust-lang/crates.io-index"
checksum = "9a64b1ec5cda2586e284722486d802acf1f7dbdc623e2bfc57e65ca1cd099290"
dependencies = [
 "autocfg",
]

[[package]]
name = "petgraph"
version = "0.2.10"
source = "registry+https://github.com/rust-lang/crates.io-index"
checksum = "3418aea32729bb24e3751c3893aa18f829a804f5030af2e9395c47c9b38f9535"
dependencies = [
 "fixedbitset",
]

[[package]]
name = "pin-project-lite"
version = "0.2.6"
source = "registry+https://github.com/rust-lang/crates.io-index"
checksum = "dc0e1f259c92177c30a4c9d177246edd0a3568b25756a977d0632cf8fa37e905"

[[package]]
name = "pin-utils"
version = "0.1.0"
source = "registry+https://github.com/rust-lang/crates.io-index"
checksum = "8b870d8c151b6f2fb93e84a13146138f05d02ed11c7e7c54f8826aaaf7c9f184"

[[package]]
name = "pkg-config"
version = "0.3.19"
source = "registry+https://github.com/rust-lang/crates.io-index"
checksum = "3831453b3449ceb48b6d9c7ad7c96d5ea673e9b470a1dc578c2ce6521230884c"

[[package]]
name = "portaudio"
version = "0.7.0"
source = "registry+https://github.com/rust-lang/crates.io-index"
checksum = "0d289315f6155a7608b6d8757786c79ed2243afeab8a5eda8989effda3fdc5c3"
dependencies = [
 "bitflags 0.7.0",
 "libc",
 "num",
 "pkg-config",
]

[[package]]
name = "proc-macro-hack"
version = "0.5.19"
source = "registry+https://github.com/rust-lang/crates.io-index"
checksum = "dbf0c48bc1d91375ae5c3cd81e3722dff1abcf81a30960240640d223f59fe0e5"

[[package]]
name = "proc-macro-nested"
version = "0.1.7"
source = "registry+https://github.com/rust-lang/crates.io-index"
checksum = "bc881b2c22681370c6a780e47af9840ef841837bc98118431d4e1868bd0c1086"

[[package]]
name = "proc-macro2"
version = "1.0.27"
source = "registry+https://github.com/rust-lang/crates.io-index"
checksum = "f0d8caf72986c1a598726adc988bb5984792ef84f5ee5aa50209145ee8077038"
dependencies = [
 "unicode-xid",
]

[[package]]
name = "quote"
version = "1.0.9"
source = "registry+https://github.com/rust-lang/crates.io-index"
checksum = "c3d0b9745dc2debf507c8422de05d7226cc1f0644216dfdfead988f9b1ab32a7"
dependencies = [
 "proc-macro2",
]

[[package]]
name = "sample"
version = "0.6.2"
source = "registry+https://github.com/rust-lang/crates.io-index"
checksum = "80fb6a09c9909286e083dd666073427801c875452c6aada9e4f56bf98a10d76c"

[[package]]
name = "sample"
version = "0.10.0"
source = "registry+https://github.com/rust-lang/crates.io-index"
checksum = "cc0966ad788ec7289562643e05c611b7853e0618b7f9306aafd2fc727abfe168"

[[package]]
name = "slab"
version = "0.4.3"
source = "registry+https://github.com/rust-lang/crates.io-index"
checksum = "f173ac3d1a7e3b28003f40de0b5ce7fe2710f9b9dc3fc38664cebee46b3b6527"

[[package]]
name = "syn"
version = "1.0.72"
source = "registry+https://github.com/rust-lang/crates.io-index"
checksum = "a1e8cdbefb79a9a5a65e0db8b47b723ee907b7c7f8496c76a1770b5c310bab82"
dependencies = [
 "proc-macro2",
 "quote",
 "unicode-xid",
]

[[package]]
name = "unicode-xid"
version = "0.2.2"
source = "registry+https://github.com/rust-lang/crates.io-index"
checksum = "8ccb82d61f80a663efe1f787a51b16b5a51e3314d6ac365b08639f52387b33f3"

[[package]]
name = "vst"
version = "0.2.1"
source = "registry+https://github.com/rust-lang/crates.io-index"
checksum = "1dfeaf21be445e1d9edf37bdedbf7ec24b43ed84ace6295cba3e0d01c1a49a27"
dependencies = [
 "bitflags 1.2.1",
 "libc",
 "libloading",
 "log",
 "num-traits",
]

[[package]]
name = "wasm-bindgen"
version = "0.2.74"
source = "registry+https://github.com/rust-lang/crates.io-index"
checksum = "d54ee1d4ed486f78874278e63e4069fc1ab9f6a18ca492076ffb90c5eb2997fd"
dependencies = [
 "cfg-if",
 "wasm-bindgen-macro",
]

[[package]]
name = "wasm-bindgen-backend"
version = "0.2.74"
source = "registry+https://github.com/rust-lang/crates.io-index"
checksum = "3b33f6a0694ccfea53d94db8b2ed1c3a8a4c86dd936b13b9f0a15ec4a451b900"
dependencies = [
 "bumpalo",
 "lazy_static",
 "log",
 "proc-macro2",
 "quote",
 "syn",
 "wasm-bindgen-shared",
]

[[package]]
name = "wasm-bindgen-futures"
version = "0.4.24"
source = "registry+https://github.com/rust-lang/crates.io-index"
checksum = "5fba7978c679d53ce2d0ac80c8c175840feb849a161664365d1287b41f2e67f1"
dependencies = [
 "cfg-if",
 "js-sys",
 "wasm-bindgen",
 "web-sys",
]

[[package]]
name = "wasm-bindgen-macro"
version = "0.2.74"
source = "registry+https://github.com/rust-lang/crates.io-index"
checksum = "088169ca61430fe1e58b8096c24975251700e7b1f6fd91cc9d59b04fb9b18bd4"
dependencies = [
 "quote",
 "wasm-bindgen-macro-support",
]

[[package]]
name = "wasm-bindgen-macro-support"
version = "0.2.74"
source = "registry+https://github.com/rust-lang/crates.io-index"
checksum = "be2241542ff3d9f241f5e2cb6dd09b37efe786df8851c54957683a49f0987a97"
dependencies = [
 "proc-macro2",
 "quote",
 "syn",
 "wasm-bindgen-backend",
 "wasm-bindgen-shared",
]

[[package]]
name = "wasm-bindgen-shared"
version = "0.2.74"
source = "registry+https://github.com/rust-lang/crates.io-index"
checksum = "d7cff876b8f18eed75a66cf49b65e7f967cb354a7aa16003fb55dbfd25b44b4f"

[[package]]
name = "web-sys"
version = "0.3.51"
source = "registry+https://github.com/rust-lang/crates.io-index"
checksum = "e828417b379f3df7111d3a2a9e5753706cae29c41f7c4029ee9fd77f3e09e582"
dependencies = [
 "js-sys",
 "wasm-bindgen",
]

[[package]]
name = "winapi"
version = "0.3.9"
source = "registry+https://github.com/rust-lang/crates.io-index"
checksum = "5c839a674fcd7a98952e593242ea400abe93992746761e38641405d28b00f419"
dependencies = [
 "winapi-i686-pc-windows-gnu",
 "winapi-x86_64-pc-windows-gnu",
]

[[package]]
name = "winapi-i686-pc-windows-gnu"
version = "0.4.0"
source = "registry+https://github.com/rust-lang/crates.io-index"
checksum = "ac3b87c63620426dd9b991e5ce0329eff545bccbbb34f3be09ff6fb6ab51b7b6"

[[package]]
name = "winapi-x86_64-pc-windows-gnu"
version = "0.4.0"
source = "registry+https://github.com/rust-lang/crates.io-index"
checksum = "712e227841d057c1ee1cd2fb22fa7e5a5461ae8e48fa2ca79ec42cfc1931183f"
